
Microsoft Visual Studio Solution File, Format Version 12.00
# Visual Studio Version 16
VisualStudioVersion = 16.0.30413.136
MinimumVisualStudioVersion = 10.0.40219.1
Project("{FAE04EC0-301F-11D3-BF4B-00C04F79EFBC}") = "Deliverable1 Lab", "Deliverable1 Lab.csproj", "{5710EA05-508F-4039-A91C-6B6E3A5F32D6}"
EndProject
Global
	GlobalSection(SolutionConfigurationPlatforms) = preSolution
		Debug|Any CPU = Debug|Any CPU
		Release|Any CPU = Release|Any CPU
	EndGlobalSection
	GlobalSection(ProjectConfigurationPlatforms) = postSolution
		{5710EA05-508F-4039-A91C-6B6E3A5F32D6}.Debug|Any CPU.ActiveCfg = Debug|Any CPU
		{5710EA05-508F-4039-A91C-6B6E3A5F32D6}.Debug|Any CPU.Build.0 = Debug|Any CPU
		{5710EA05-508F-4039-A91C-6B6E3A5F32D6}.Release|Any CPU.ActiveCfg = Release|Any CPU
		{5710EA05-508F-4039-A91C-6B6E3A5F32D6}.Release|Any CPU.Build.0 = Release|Any CPU
	EndGlobalSection
	GlobalSection(SolutionProperties) = preSolution
		HideSolutionNode = FALSE
	EndGlobalSection
	GlobalSection(ExtensibilityGlobals) = postSolution
		SolutionGuid = {A239E4AF-B0C7-4654-8A9E-477F6FE5D37C}
	EndGlobalSection
EndGlobal
